<?xml version="1.0" encoding="utf-8"?>
<Project ToolsVersion="4.0" xmlns="http://schemas.microsoft.com/developer/msbuild/2003">
  <ItemGroup>
    <Filter Include="Source Files">
      <UniqueIdentifier>{4FC737F1-C7A5-4376-A066-2A32D752A2FF}</UniqueIdentifier>
      <Extensions>cpp;c;cc;cxx;def;odl;idl;hpj;bat;asm;asmx</Extensions>
    </Filter>
    <Filter Include="Header Files">
      <UniqueIdentifier>{93995380-89BD-4b04-88EB-625FBE52EBFB}</UniqueIdentifier>
      <Extensions>h;hh;hpp;hxx;hm;inl;inc;ipp;xsd</Extensions>
    </Filter>
    <Filter Include="Resource Files">
      <UniqueIdentifier>{67DA6AB6-F800-4c08-8B7A-83BB121AAD01}</UniqueIdentifier>
      <Extensions>rc;ico;cur;bmp;dlg;rc2;rct;bin;rgs;gif;jpg;jpeg;jpe;resx;tiff;tif;png;wav;mfcribbon-ms</Extensions>
    </Filter>
  </ItemGroup>
  <ItemGroup>
    <ClCompile Include="Leetcode\lowest-common-ancestor-of-a-binary-tree.cpp">
      <Filter>Source Files</Filter>
    </ClCompile>
    <ClCompile Include="Leetcode\lowest-common-ancestor-of-a-binary-tree-2.cpp">
      <Filter>Source Files</Filter>
    </ClCompile>
    <ClCompile Include="Baekjoon\C++\Exhaustive Search\No_1436.cpp">
      <Filter>Source Files</Filter>
    </ClCompile>
    <ClCompile Include="Baekjoon\C++\Greedy\No_2839_몫과나머지.cpp">
      <Filter>Source Files</Filter>
    </ClCompile>
    <ClCompile Include="Baekjoon\C++\Basic\No_11866_연결리스트.cpp">
      <Filter>Source Files</Filter>
    </ClCompile>
    <ClCompile Include="Baekjoon\C++\Basic\No_1966_큐.cpp">
      <Filter>Source Files</Filter>
    </ClCompile>
    <ClCompile Include="Baekjoon\C++\Math\No_2108_통계.cpp">
      <Filter>Source Files</Filter>
    </ClCompile>
    <ClCompile Include="Baekjoon\C++\Basic\No_11723_해시테이블.cpp">
      <Filter>Source Files</Filter>
    </ClCompile>
    <ClCompile Include="Baekjoon\C++\Basic\No_1927_우선순위큐.cpp">
      <Filter>Source Files</Filter>
    </ClCompile>
    <ClCompile Include="Baekjoon\C++\BFS\No_14940_BFS.cpp">
      <Filter>Source Files</Filter>
    </ClCompile>
    <ClCompile Include="Baekjoon\C++\Two Pointers\No_5430_투포인터.cpp">
      <Filter>Source Files</Filter>
    </ClCompile>
    <ClCompile Include="Baekjoon\C++\DP\No_1932_DP_최대가되는경로.cpp">
      <Filter>Source Files</Filter>
    </ClCompile>
    <ClCompile Include="Baekjoon\C++\DP\No_9465_DP_초기값고려.cpp">
      <Filter>Source Files</Filter>
    </ClCompile>
    <ClCompile Include="Baekjoon\C++\Prefix Sum\No_11660_2차원누적합.cpp">
      <Filter>Source Files</Filter>
    </ClCompile>
    <ClCompile Include="Baekjoon\C++\BFS\No_13549_BFS.cpp">
      <Filter>Source Files</Filter>
    </ClCompile>
    <ClCompile Include="Baekjoon\C++\Tree\No_1967_트리의지름.cpp">
      <Filter>Source Files</Filter>
    </ClCompile>
    <ClCompile Include="Baekjoon\C++\Floyd Warshall\No_1865_가중치음수존재.cpp">
      <Filter>Source Files</Filter>
    </ClCompile>
    <ClCompile Include="Baekjoon\C++\Tree\No_1167_트리의지름.cpp">
      <Filter>Source Files</Filter>
    </ClCompile>
  </ItemGroup>
</Project>